<?xml version="1.0" encoding="utf-8"?>
<Project ToolsVersion="4.0" xmlns="http://schemas.microsoft.com/developer/msbuild/2003">
  <ItemGroup>
    <Filter Include="..">
      <UniqueIdentifier>{61705900-4DFC-870B-B6AA-880BA255880B}</UniqueIdentifier>
    </Filter>
    <Filter Include="..\Shared">
      <UniqueIdentifier>{67846B3F-D3EE-1FB6-1C2D-D15B88D6FD0A}</UniqueIdentifier>
    </Filter>
    <Filter Include="..\Shared\SDK">
      <UniqueIdentifier>{D88FF058-4450-6C8F-0D8B-B50C790AB16B}</UniqueIdentifier>
    </Filter>
    <Filter Include="..\minhook">
      <UniqueIdentifier>{A5548101-910C-C34E-FA13-9CAAE6EA5D3F}</UniqueIdentifier>
    </Filter>
    <Filter Include="..\minhook\src">
      <UniqueIdentifier>{3CDDD0D5-28AB-C4DB-113F-3502FDABA040}</UniqueIdentifier>
    </Filter>
    <Filter Include="..\minhook\src\hde">
      <UniqueIdentifier>{BCA850E1-A88C-1137-11ED-0B8AFDEFFBB8}</UniqueIdentifier>
    </Filter>
  </ItemGroup>
  <ItemGroup>
    <ClCompile Include="..\Shared\SDK\Basic.cpp">
      <Filter>..\Shared\SDK</Filter>
    </ClCompile>
    <ClCompile Include="..\Shared\SDK\CentralPicnic_MasterEventController_functions.cpp">
      <Filter>..\Shared\SDK</Filter>
    </ClCompile>
    <ClCompile Include="..\Shared\SDK\CoreUObject_functions.cpp">
      <Filter>..\Shared\SDK</Filter>
    </ClCompile>
    <ClCompile Include="..\Shared\SDK\Engine_functions.cpp">
      <Filter>..\Shared\SDK</Filter>
    </ClCompile>
    <ClCompile Include="..\Shared\SDK\Event_CentralPicnic_Thumper_functions.cpp">
      <Filter>..\Shared\SDK</Filter>
    </ClCompile>
    <ClCompile Include="..\Shared\SDK\FortniteGame_functions.cpp">
      <Filter>..\Shared\SDK</Filter>
    </ClCompile>
    <ClCompile Include="..\Shared\SDK\GameplayAbilities_functions.cpp">
      <Filter>..\Shared\SDK</Filter>
    </ClCompile>
    <ClCompile Include="..\minhook\src\buffer.c">
      <Filter>..\minhook\src</Filter>
    </ClCompile>
    <ClCompile Include="..\minhook\src\hde\hde32.c">
      <Filter>..\minhook\src\hde</Filter>
    </ClCompile>
    <ClCompile Include="..\minhook\src\hde\hde64.c">
      <Filter>..\minhook\src\hde</Filter>
    </ClCompile>
    <ClCompile Include="..\minhook\src\hook.c">
      <Filter>..\minhook\src</Filter>
    </ClCompile>
    <ClCompile Include="..\minhook\src\trampoline.c">
      <Filter>..\minhook\src</Filter>
    </ClCompile>
    <ClCompile Include="main.cpp" />
  </ItemGroup>
</Project>